
Microsoft Visual Studio Solution File, Format Version 12.00
# Visual Studio Version 17
VisualStudioVersion = 17.10.34928.147
MinimumVisualStudioVersion = 10.0.40219.1
Project("{FAE04EC0-301F-11D3-BF4B-00C04F79EFBC}") = "Product.API", "ProductAPI\Product.API.csproj", "{99A3FBCD-5D2C-4958-9027-6CA7A25C6E10}"
EndProject
Project("{FAE04EC0-301F-11D3-BF4B-00C04F79EFBC}") = "Product.Application", "Product.Application\Product.Application.csproj", "{AAC77D04-589B-431D-B606-69CA5B0AA755}"
EndProject
Project("{FAE04EC0-301F-11D3-BF4B-00C04F79EFBC}") = "Product.CrossCutting", "Product.CrossCutting\Product.CrossCutting.csproj", "{3FAC71B1-692E-4016-9724-B89A21202EDC}"
EndProject
Project("{FAE04EC0-301F-11D3-BF4B-00C04F79EFBC}") = "Product.Infrastructure", "Product.Infrastructure\Product.Infrastructure.csproj", "{221C82F7-9DF2-4F8E-80E1-305FA2A32571}"
EndProject
Project("{FAE04EC0-301F-11D3-BF4B-00C04F79EFBC}") = "Product.Domain", "Product.Domain\Product.Domain.csproj", "{BC7AAEE3-4A94-4B59-A3D7-A9F7D2C908F6}"
EndProject
Global
	GlobalSection(SolutionConfigurationPlatforms) = preSolution
		Debug|Any CPU = Debug|Any CPU
		Release|Any CPU = Release|Any CPU
	EndGlobalSection
	GlobalSection(ProjectConfigurationPlatforms) = postSolution
		{99A3FBCD-5D2C-4958-9027-6CA7A25C6E10}.Debug|Any CPU.ActiveCfg = Debug|Any CPU
		{99A3FBCD-5D2C-4958-9027-6CA7A25C6E10}.Debug|Any CPU.Build.0 = Debug|Any CPU
		{99A3FBCD-5D2C-4958-9027-6CA7A25C6E10}.Release|Any CPU.ActiveCfg = Release|Any CPU
		{99A3FBCD-5D2C-4958-9027-6CA7A25C6E10}.Release|Any CPU.Build.0 = Release|Any CPU
		{AAC77D04-589B-431D-B606-69CA5B0AA755}.Debug|Any CPU.ActiveCfg = Debug|Any CPU
		{AAC77D04-589B-431D-B606-69CA5B0AA755}.Debug|Any CPU.Build.0 = Debug|Any CPU
		{AAC77D04-589B-431D-B606-69CA5B0AA755}.Release|Any CPU.ActiveCfg = Release|Any CPU
		{AAC77D04-589B-431D-B606-69CA5B0AA755}.Release|Any CPU.Build.0 = Release|Any CPU
		{3FAC71B1-692E-4016-9724-B89A21202EDC}.Debug|Any CPU.ActiveCfg = Debug|Any CPU
		{3FAC71B1-692E-4016-9724-B89A21202EDC}.Debug|Any CPU.Build.0 = Debug|Any CPU
		{3FAC71B1-692E-4016-9724-B89A21202EDC}.Release|Any CPU.ActiveCfg = Release|Any CPU
		{3FAC71B1-692E-4016-9724-B89A21202EDC}.Release|Any CPU.Build.0 = Release|Any CPU
		{221C82F7-9DF2-4F8E-80E1-305FA2A32571}.Debug|Any CPU.ActiveCfg = Debug|Any CPU
		{221C82F7-9DF2-4F8E-80E1-305FA2A32571}.Debug|Any CPU.Build.0 = Debug|Any CPU
		{221C82F7-9DF2-4F8E-80E1-305FA2A32571}.Release|Any CPU.ActiveCfg = Release|Any CPU
		{221C82F7-9DF2-4F8E-80E1-305FA2A32571}.Release|Any CPU.Build.0 = Release|Any CPU
		{BC7AAEE3-4A94-4B59-A3D7-A9F7D2C908F6}.Debug|Any CPU.ActiveCfg = Debug|Any CPU
		{BC7AAEE3-4A94-4B59-A3D7-A9F7D2C908F6}.Debug|Any CPU.Build.0 = Debug|Any CPU
		{BC7AAEE3-4A94-4B59-A3D7-A9F7D2C908F6}.Release|Any CPU.ActiveCfg = Release|Any CPU
		{BC7AAEE3-4A94-4B59-A3D7-A9F7D2C908F6}.Release|Any CPU.Build.0 = Release|Any CPU
	EndGlobalSection
	GlobalSection(SolutionProperties) = preSolution
		HideSolutionNode = FALSE
	EndGlobalSection
	GlobalSection(ExtensibilityGlobals) = postSolution
		SolutionGuid = {B477CF2E-28BA-415C-8FB7-52BF38FE99A5}
	EndGlobalSection
EndGlobal
